{
  "nodes": {
    "helix": {
      "inputs": {
        "nixpkgs": [
          "nixpkgs"
        ],
        "rust-overlay": "rust-overlay"
      },
      "locked": {
        "lastModified": 1749183062,
        "narHash": "sha256-zu2HcLD7HYn1cGKtEnwvFTTWWuq+GLPYhrVa38UAfJA=",
        "owner": "aster-void",
        "repo": "helix",
        "rev": "fd6bbe7d03cd8e08339f69858d1254a81baa57b0",
        "type": "github"
      },
      "original": {
        "owner": "aster-void",
        "ref": "all-patch-applied",
        "repo": "helix",
        "type": "github"
      }
    },
    "home-manager": {
      "inputs": {
        "nixpkgs": [
          "nixpkgs"
        ]
      },
      "locked": {
        "lastModified": 1749657191,
        "narHash": "sha256-QLilaHuhGxiwhgceDWESj9gFcKIdEp7+9lRqNGpN8S4=",
        "owner": "nix-community",
        "repo": "home-manager",
        "rev": "faeab32528a9360e9577ff4082de2d35c6bbe1ce",
        "type": "github"
      },
      "original": {
        "owner": "nix-community",
        "repo": "home-manager",
        "type": "github"
      }
    },
    "home-manager_2": {
      "inputs": {
        "nixpkgs": [
          "zen-browser",
          "nixpkgs"
        ]
      },
      "locked": {
        "lastModified": 1743604125,
        "narHash": "sha256-ZD61DNbsBt1mQbinAaaEqKaJk2RFo9R/j+eYWeGMx7A=",
        "owner": "nix-community",
        "repo": "home-manager",
        "rev": "180fd43eea296e62ae68e079fcf56aba268b9a1a",
        "type": "github"
      },
      "original": {
        "owner": "nix-community",
        "repo": "home-manager",
        "type": "github"
      }
    },
    "nixpkgs": {
      "locked": {
        "lastModified": 1749285348,
        "narHash": "sha256-frdhQvPbmDYaScPFiCnfdh3B/Vh81Uuoo0w5TkWmmjU=",
        "owner": "nixos",
        "repo": "nixpkgs",
        "rev": "3e3afe5174c561dee0df6f2c2b2236990146329f",
        "type": "github"
      },
      "original": {
        "owner": "nixos",
        "ref": "nixos-unstable",
        "repo": "nixpkgs",
        "type": "github"
      }
    },
    "root": {
      "inputs": {
        "helix": "helix",
        "home-manager": "home-manager",
        "nixpkgs": "nixpkgs",
        "shared-config": "shared-config",
        "zen-browser": "zen-browser"
      }
    },
    "rust-overlay": {
      "inputs": {
        "nixpkgs": [
          "helix",
          "nixpkgs"
        ]
      },
      "locked": {
        "lastModified": 1740623427,
        "narHash": "sha256-3SdPQrZoa4odlScFDUHd4CUPQ/R1gtH4Mq9u8CBiK8M=",
        "owner": "oxalica",
        "repo": "rust-overlay",
        "rev": "d342e8b5fd88421ff982f383c853f0fc78a847ab",
        "type": "github"
      },
      "original": {
        "owner": "oxalica",
        "repo": "rust-overlay",
        "type": "github"
      }
    },
    "shared-config": {
      "locked": {
        "lastModified": 1749721064,
        "narHash": "sha256-ynvNfJvijq/LZ+Gqu+ULUCESHacLYgR0QPf4iRnCHXM=",
        "owner": "aster-void",
        "repo": "shared-config",
        "rev": "91add46fe8b763acb5a6e4d91717d84eceafa382",
        "type": "github"
      },
      "original": {
        "owner": "aster-void",
        "repo": "shared-config",
        "type": "github"
      }
    },
    "zen-browser": {
      "inputs": {
        "home-manager": "home-manager_2",
        "nixpkgs": [
          "nixpkgs"
        ]
      },
      "locked": {
        "lastModified": 1749702416,
        "narHash": "sha256-Ttb8hW8oQpF04l22eyzzVSiUFZeYtrwXFyC1IDRuOVU=",
        "owner": "0xc000022070",
        "repo": "zen-browser-flake",
        "rev": "edd92f84ddeb4f2ae0390e02dcae9bc0221af753",
        "type": "github"
      },
      "original": {
        "owner": "0xc000022070",
        "repo": "zen-browser-flake",
        "type": "github"
      }
    }
  },
  "root": "root",
  "version": 7
}
